// !$*UTF8*$!
{
	archiveVersion = 1;
	classes = {
	};
	objectVersion = 45;
	objects = {

/* Begin PBXBuildFile section */
		0552127B0FAA4C2700626049 /* NewsFeedDisplayMgr.m in Sources */ = {isa = PBXBuildFile; fileRef = 0552127A0FAA4C2700626049 /* NewsFeedDisplayMgr.m */; };
		055212940FAA599600626049 /* NewsFeedItemViewController.m in Sources */ = {isa = PBXBuildFile; fileRef = 055212930FAA599600626049 /* NewsFeedItemViewController.m */; };
		055212970FAA59B800626049 /* NewsFeedItemView.xib in Resources */ = {isa = PBXBuildFile; fileRef = 055212950FAA59B800626049 /* NewsFeedItemView.xib */; };
		0552130D0FAA757300626049 /* NewsFeedDataSource.m in Sources */ = {isa = PBXBuildFile; fileRef = 0552130C0FAA757300626049 /* NewsFeedDataSource.m */; };
		055213100FAA766500626049 /* LighthouseNewsFeedService.m in Sources */ = {isa = PBXBuildFile; fileRef = 0552130F0FAA766500626049 /* LighthouseNewsFeedService.m */; };
		055213760FAB55A900626049 /* RegexKitLite.m in Sources */ = {isa = PBXBuildFile; fileRef = 055213750FAB55A900626049 /* RegexKitLite.m */; };
		055213910FAB57CB00626049 /* Localizable.strings in Resources */ = {isa = PBXBuildFile; fileRef = 0552138F0FAB57CB00626049 /* Localizable.strings */; };
		055214010FAB707D00626049 /* NoDataView.xib in Resources */ = {isa = PBXBuildFile; fileRef = 055213FF0FAB707D00626049 /* NoDataView.xib */; };
		055214070FAB709600626049 /* NetworkAwareViewController.m in Sources */ = {isa = PBXBuildFile; fileRef = 055214030FAB709600626049 /* NetworkAwareViewController.m */; };
		055214080FAB709600626049 /* NoDataViewController.m in Sources */ = {isa = PBXBuildFile; fileRef = 055214060FAB709600626049 /* NoDataViewController.m */; };
		055215BA0FABB3F300626049 /* UIWebView+FileLoadingAdditions.m in Sources */ = {isa = PBXBuildFile; fileRef = 055215B90FABB3F300626049 /* UIWebView+FileLoadingAdditions.m */; };
		055215DF0FABB5C700626049 /* news-feed-item-style.css in Resources */ = {isa = PBXBuildFile; fileRef = 055215DE0FABB5C700626049 /* news-feed-item-style.css */; };
		0552172E0FACB75800626049 /* DropShadow.png in Resources */ = {isa = PBXBuildFile; fileRef = 0552172D0FACB75800626049 /* DropShadow.png */; };
		05C8706E0FA77F4C0069BC72 /* BugWatchAppDelegate.m in Sources */ = {isa = PBXBuildFile; fileRef = 05C8706D0FA77F4C0069BC72 /* BugWatchAppDelegate.m */; };
		05C870790FA77FD80069BC72 /* NSURLRequest+WebServiceApiAdditions.m in Sources */ = {isa = PBXBuildFile; fileRef = 05C870750FA77FD80069BC72 /* NSURLRequest+WebServiceApiAdditions.m */; };
		05C8707A0FA77FD80069BC72 /* WebServiceApi.m in Sources */ = {isa = PBXBuildFile; fileRef = 05C870770FA77FD80069BC72 /* WebServiceApi.m */; };
		05E636BE0FA8C11C00F736A5 /* NewsFeedView.xib in Resources */ = {isa = PBXBuildFile; fileRef = 05E636BC0FA8C11C00F736A5 /* NewsFeedView.xib */; };
		05E636CA0FA8C1B900F736A5 /* NewsFeedViewController.m in Sources */ = {isa = PBXBuildFile; fileRef = 05E636C90FA8C1B900F736A5 /* NewsFeedViewController.m */; };
		05E637290FA8C8EB00F736A5 /* NewsFeedTableViewCell.xib in Resources */ = {isa = PBXBuildFile; fileRef = 05E637270FA8C8EB00F736A5 /* NewsFeedTableViewCell.xib */; };
		05E637300FA8CD2C00F736A5 /* NewsFeedTableViewCell.m in Sources */ = {isa = PBXBuildFile; fileRef = 05E6372F0FA8CD2C00F736A5 /* NewsFeedTableViewCell.m */; };
		05E6377D0FA8D36500F736A5 /* NSDate+LighthouseStringHelpers.m in Sources */ = {isa = PBXBuildFile; fileRef = 05E637780FA8D36500F736A5 /* NSDate+LighthouseStringHelpers.m */; };
		05E6377E0FA8D36500F736A5 /* NSDate+IsToday.m in Sources */ = {isa = PBXBuildFile; fileRef = 05E6377A0FA8D36500F736A5 /* NSDate+IsToday.m */; };
		05E6377F0FA8D36500F736A5 /* NSDate+StringHelpers.m in Sources */ = {isa = PBXBuildFile; fileRef = 05E6377C0FA8D36500F736A5 /* NSDate+StringHelpers.m */; };
		05E637F50FA8DC4A00F736A5 /* UILabel+DrawingAdditions.m in Sources */ = {isa = PBXBuildFile; fileRef = 05E637F40FA8DC4A00F736A5 /* UILabel+DrawingAdditions.m */; };
		05EFD7540FA91F07001DFCFB /* TableViewCellGradient.png in Resources */ = {isa = PBXBuildFile; fileRef = 05EFD7530FA91F07001DFCFB /* TableViewCellGradient.png */; };
		05EFD7C40FA924F6001DFCFB /* WebServiceResponseDispatcher.m in Sources */ = {isa = PBXBuildFile; fileRef = 05EFD7C30FA924F6001DFCFB /* WebServiceResponseDispatcher.m */; };
		05EFD7E30FA928B7001DFCFB /* NSDictionary+NonRetainedKeyAdditions.m in Sources */ = {isa = PBXBuildFile; fileRef = 05EFD7E20FA928B7001DFCFB /* NSDictionary+NonRetainedKeyAdditions.m */; };
		05EFD7F80FA92B4D001DFCFB /* LighthouseNewsFeed.m in Sources */ = {isa = PBXBuildFile; fileRef = 05EFD7F70FA92B4D001DFCFB /* LighthouseNewsFeed.m */; };
		05EFD8360FA93404001DFCFB /* LighthouseNewsFeedParser.m in Sources */ = {isa = PBXBuildFile; fileRef = 05EFD8350FA93404001DFCFB /* LighthouseNewsFeedParser.m */; };
		05EFD88D0FA9405C001DFCFB /* NewsFeedItem.m in Sources */ = {isa = PBXBuildFile; fileRef = 05EFD88C0FA9405C001DFCFB /* NewsFeedItem.m */; };
		1D60589B0D05DD56006BFB54 /* main.m in Sources */ = {isa = PBXBuildFile; fileRef = 29B97316FDCFA39411CA2CEA /* main.m */; };
		1D60589F0D05DD5A006BFB54 /* Foundation.framework in Frameworks */ = {isa = PBXBuildFile; fileRef = 1D30AB110D05D00D00671497 /* Foundation.framework */; };
		1DF5F4E00D08C38300B7A737 /* UIKit.framework in Frameworks */ = {isa = PBXBuildFile; fileRef = 1DF5F4DF0D08C38300B7A737 /* UIKit.framework */; };
		288765080DF74369002DB57D /* CoreGraphics.framework in Frameworks */ = {isa = PBXBuildFile; fileRef = 288765070DF74369002DB57D /* CoreGraphics.framework */; };
		9100C0650FA8BF5B003C2ECF /* MainWindow.xib in Resources */ = {isa = PBXBuildFile; fileRef = 9100C0630FA8BF5B003C2ECF /* MainWindow.xib */; };
		9100C0840FA8C08F003C2ECF /* TicketsView.xib in Resources */ = {isa = PBXBuildFile; fileRef = 9100C0820FA8C08F003C2ECF /* TicketsView.xib */; };
		9100C09D0FA8C876003C2ECF /* TicketsViewController.m in Sources */ = {isa = PBXBuildFile; fileRef = 9100C09C0FA8C876003C2ECF /* TicketsViewController.m */; };
		9100C1CA0FA90D8C003C2ECF /* TicketTableViewCell.xib in Resources */ = {isa = PBXBuildFile; fileRef = 9100C1C80FA90D8C003C2ECF /* TicketTableViewCell.xib */; };
		9100C1EB0FA918C0003C2ECF /* Ticket.m in Sources */ = {isa = PBXBuildFile; fileRef = 9100C1EA0FA918C0003C2ECF /* Ticket.m */; };
		9100C2000FA91FDA003C2ECF /* TicketTableViewCell.m in Sources */ = {isa = PBXBuildFile; fileRef = 9100C1FF0FA91FDA003C2ECF /* TicketTableViewCell.m */; };
		9100C23F0FA928BD003C2ECF /* UIColor+BugWatchColors.m in Sources */ = {isa = PBXBuildFile; fileRef = 9100C23E0FA928BD003C2ECF /* UIColor+BugWatchColors.m */; };
		913E44A60FAA0F27000EB184 /* BugWatchAppController.m in Sources */ = {isa = PBXBuildFile; fileRef = 913E44A50FAA0F27000EB184 /* BugWatchAppController.m */; };
		913E44CC0FAA189F000EB184 /* TicketDisplayMgr.m in Sources */ = {isa = PBXBuildFile; fileRef = 913E44CB0FAA189F000EB184 /* TicketDisplayMgr.m */; };
		913E44CF0FAA1CF7000EB184 /* TicketCache.m in Sources */ = {isa = PBXBuildFile; fileRef = 913E44CE0FAA1CF7000EB184 /* TicketCache.m */; };
		913E44F60FAA2858000EB184 /* TicketDetailsViewController.m in Sources */ = {isa = PBXBuildFile; fileRef = 913E44F50FAA2858000EB184 /* TicketDetailsViewController.m */; };
		913E45060FAA2C85000EB184 /* TicketDetailsView.xib in Resources */ = {isa = PBXBuildFile; fileRef = 913E45040FAA2C85000EB184 /* TicketDetailsView.xib */; };
		913E45A20FAA753C000EB184 /* ProjectsView.xib in Resources */ = {isa = PBXBuildFile; fileRef = 913E45A00FAA753C000EB184 /* ProjectsView.xib */; };
		913E45A50FAA7579000EB184 /* ProjectsViewController.m in Sources */ = {isa = PBXBuildFile; fileRef = 913E45A40FAA7579000EB184 /* ProjectsViewController.m */; };
		913E45A90FAA7779000EB184 /* ProjectTableViewCell.xib in Resources */ = {isa = PBXBuildFile; fileRef = 913E45A70FAA7779000EB184 /* ProjectTableViewCell.xib */; };
		913E45AC0FAA7795000EB184 /* ProjectTableViewCell.m in Sources */ = {isa = PBXBuildFile; fileRef = 913E45AB0FAA7795000EB184 /* ProjectTableViewCell.m */; };
		913E45D60FAA8027000EB184 /* RoundedRectLabel.m in Sources */ = {isa = PBXBuildFile; fileRef = 913E45D50FAA8027000EB184 /* RoundedRectLabel.m */; };
		91806D8C0F97E72900F08005 /* Icon.png in Resources */ = {isa = PBXBuildFile; fileRef = 91806D8B0F97E72900F08005 /* Icon.png */; };
		919C995F0FA25965002CF095 /* Projects.png in Resources */ = {isa = PBXBuildFile; fileRef = 919C995E0FA25965002CF095 /* Projects.png */; };
		919C996C0FA25E55002CF095 /* Thumbtack.png in Resources */ = {isa = PBXBuildFile; fileRef = 919C996B0FA25E55002CF095 /* Thumbtack.png */; };
		919C99720FA2655F002CF095 /* Pages.png in Resources */ = {isa = PBXBuildFile; fileRef = 919C99710FA2655F002CF095 /* Pages.png */; };
		91D6805F0F98D9040040A310 /* Default.png in Resources */ = {isa = PBXBuildFile; fileRef = 91D6805E0F98D9040040A310 /* Default.png */; };
		91D680800F98DDC40040A310 /* HomeIcon.png in Resources */ = {isa = PBXBuildFile; fileRef = 91D6807F0F98DDC40040A310 /* HomeIcon.png */; };
		91D680820F98DF880040A310 /* Bug.png in Resources */ = {isa = PBXBuildFile; fileRef = 91D680810F98DF880040A310 /* Bug.png */; };
		91D680890F98E4060040A310 /* Calendar.png in Resources */ = {isa = PBXBuildFile; fileRef = 91D680880F98E4060040A310 /* Calendar.png */; };
/* End PBXBuildFile section */

/* Begin PBXFileReference section */
		055212790FAA4C2700626049 /* NewsFeedDisplayMgr.h */ = {isa = PBXFileReference; fileEncoding = 4; lastKnownFileType = sourcecode.c.h; name = NewsFeedDisplayMgr.h; path = "news-feed/NewsFeedDisplayMgr.h"; sourceTree = "<group>"; };
		0552127A0FAA4C2700626049 /* NewsFeedDisplayMgr.m */ = {isa = PBXFileReference; fileEncoding = 4; lastKnownFileType = sourcecode.c.objc; name = NewsFeedDisplayMgr.m; path = "news-feed/NewsFeedDisplayMgr.m"; sourceTree = "<group>"; };
		0552127C0FAA4D1700626049 /* NewsFeedViewControllerDelegate.h */ = {isa = PBXFileReference; fileEncoding = 4; lastKnownFileType = sourcecode.c.h; name = NewsFeedViewControllerDelegate.h; path = "news-feed/NewsFeedViewControllerDelegate.h"; sourceTree = "<group>"; };
		055212920FAA599600626049 /* NewsFeedItemViewController.h */ = {isa = PBXFileReference; fileEncoding = 4; lastKnownFileType = sourcecode.c.h; name = NewsFeedItemViewController.h; path = "news-feed/NewsFeedItemViewController.h"; sourceTree = "<group>"; };
		055212930FAA599600626049 /* NewsFeedItemViewController.m */ = {isa = PBXFileReference; fileEncoding = 4; lastKnownFileType = sourcecode.c.objc; name = NewsFeedItemViewController.m; path = "news-feed/NewsFeedItemViewController.m"; sourceTree = "<group>"; };
		055212960FAA59B800626049 /* en */ = {isa = PBXFileReference; lastKnownFileType = file.xib; name = en; path = en.lproj/NewsFeedItemView.xib; sourceTree = "<group>"; };
		0552130B0FAA757300626049 /* NewsFeedDataSource.h */ = {isa = PBXFileReference; fileEncoding = 4; lastKnownFileType = sourcecode.c.h; name = NewsFeedDataSource.h; path = "news-feed/NewsFeedDataSource.h"; sourceTree = "<group>"; };
		0552130C0FAA757300626049 /* NewsFeedDataSource.m */ = {isa = PBXFileReference; fileEncoding = 4; lastKnownFileType = sourcecode.c.objc; name = NewsFeedDataSource.m; path = "news-feed/NewsFeedDataSource.m"; sourceTree = "<group>"; };
		0552130E0FAA766500626049 /* LighthouseNewsFeedService.h */ = {isa = PBXFileReference; fileEncoding = 4; lastKnownFileType = sourcecode.c.h; name = LighthouseNewsFeedService.h; path = lighthouse/LighthouseNewsFeedService.h; sourceTree = "<group>"; };
		0552130F0FAA766500626049 /* LighthouseNewsFeedService.m */ = {isa = PBXFileReference; fileEncoding = 4; lastKnownFileType = sourcecode.c.objc; name = LighthouseNewsFeedService.m; path = lighthouse/LighthouseNewsFeedService.m; sourceTree = "<group>"; };
		055213110FAA7BC800626049 /* LighthouseNewsFeedServiceDelegate.h */ = {isa = PBXFileReference; fileEncoding = 4; lastKnownFileType = sourcecode.c.h; name = LighthouseNewsFeedServiceDelegate.h; path = lighthouse/LighthouseNewsFeedServiceDelegate.h; sourceTree = "<group>"; };
		055213120FAA7CED00626049 /* NewsFeedDataSourceDelegate.h */ = {isa = PBXFileReference; fileEncoding = 4; lastKnownFileType = sourcecode.c.h; name = NewsFeedDataSourceDelegate.h; path = "news-feed/NewsFeedDataSourceDelegate.h"; sourceTree = "<group>"; };
		055213740FAB55A900626049 /* RegexKitLite.h */ = {isa = PBXFileReference; fileEncoding = 4; lastKnownFileType = sourcecode.c.h; path = RegexKitLite.h; sourceTree = "<group>"; };
		055213750FAB55A900626049 /* RegexKitLite.m */ = {isa = PBXFileReference; fileEncoding = 4; lastKnownFileType = sourcecode.c.objc; path = RegexKitLite.m; sourceTree = "<group>"; };
		055213900FAB57CB00626049 /* en */ = {isa = PBXFileReference; fileEncoding = 10; lastKnownFileType = text.plist.strings; name = en; path = strings/en.lproj/Localizable.strings; sourceTree = "<group>"; };
		055214000FAB707D00626049 /* en */ = {isa = PBXFileReference; lastKnownFileType = file.xib; name = en; path = en.lproj/NoDataView.xib; sourceTree = "<group>"; };
		055214020FAB709600626049 /* NetworkAwareViewController.h */ = {isa = PBXFileReference; fileEncoding = 4; lastKnownFileType = sourcecode.c.h; name = NetworkAwareViewController.h; path = shared/NetworkAwareViewController.h; sourceTree = "<group>"; };
		055214030FAB709600626049 /* NetworkAwareViewController.m */ = {isa = PBXFileReference; fileEncoding = 4; lastKnownFileType = sourcecode.c.objc; name = NetworkAwareViewController.m; path = shared/NetworkAwareViewController.m; sourceTree = "<group>"; };
		055214040FAB709600626049 /* NetworkAwareViewControllerDelegate.h */ = {isa = PBXFileReference; fileEncoding = 4; lastKnownFileType = sourcecode.c.h; name = NetworkAwareViewControllerDelegate.h; path = shared/NetworkAwareViewControllerDelegate.h; sourceTree = "<group>"; };
		055214050FAB709600626049 /* NoDataViewController.h */ = {isa = PBXFileReference; fileEncoding = 4; lastKnownFileType = sourcecode.c.h; name = NoDataViewController.h; path = shared/NoDataViewController.h; sourceTree = "<group>"; };
		055214060FAB709600626049 /* NoDataViewController.m */ = {isa = PBXFileReference; fileEncoding = 4; lastKnownFileType = sourcecode.c.objc; name = NoDataViewController.m; path = shared/NoDataViewController.m; sourceTree = "<group>"; };
		055215B80FABB3F300626049 /* UIWebView+FileLoadingAdditions.h */ = {isa = PBXFileReference; fileEncoding = 4; lastKnownFileType = sourcecode.c.h; name = "UIWebView+FileLoadingAdditions.h"; path = "shared/UIWebView+FileLoadingAdditions.h"; sourceTree = "<group>"; };
		055215B90FABB3F300626049 /* UIWebView+FileLoadingAdditions.m */ = {isa = PBXFileReference; fileEncoding = 4; lastKnownFileType = sourcecode.c.objc; name = "UIWebView+FileLoadingAdditions.m"; path = "shared/UIWebView+FileLoadingAdditions.m"; sourceTree = "<group>"; };
		055215DE0FABB5C700626049 /* news-feed-item-style.css */ = {isa = PBXFileReference; fileEncoding = 4; lastKnownFileType = text.css; name = "news-feed-item-style.css"; path = "html/news-feed-item-style.css"; sourceTree = "<group>"; };
		0552172D0FACB75800626049 /* DropShadow.png */ = {isa = PBXFileReference; lastKnownFileType = image.png; path = DropShadow.png; sourceTree = "<group>"; };
		05C8706C0FA77F4C0069BC72 /* BugWatchAppDelegate.h */ = {isa = PBXFileReference; fileEncoding = 4; lastKnownFileType = sourcecode.c.h; name = BugWatchAppDelegate.h; path = "app-controller/BugWatchAppDelegate.h"; sourceTree = "<group>"; };
		05C8706D0FA77F4C0069BC72 /* BugWatchAppDelegate.m */ = {isa = PBXFileReference; fileEncoding = 4; lastKnownFileType = sourcecode.c.objc; name = BugWatchAppDelegate.m; path = "app-controller/BugWatchAppDelegate.m"; sourceTree = "<group>"; };
		05C870740FA77FD80069BC72 /* NSURLRequest+WebServiceApiAdditions.h */ = {isa = PBXFileReference; fileEncoding = 4; lastKnownFileType = sourcecode.c.h; name = "NSURLRequest+WebServiceApiAdditions.h"; path = "web-service/NSURLRequest+WebServiceApiAdditions.h"; sourceTree = "<group>"; };
		05C870750FA77FD80069BC72 /* NSURLRequest+WebServiceApiAdditions.m */ = {isa = PBXFileReference; fileEncoding = 4; lastKnownFileType = sourcecode.c.objc; name = "NSURLRequest+WebServiceApiAdditions.m"; path = "web-service/NSURLRequest+WebServiceApiAdditions.m"; sourceTree = "<group>"; };
		05C870760FA77FD80069BC72 /* WebServiceApi.h */ = {isa = PBXFileReference; fileEncoding = 4; lastKnownFileType = sourcecode.c.h; name = WebServiceApi.h; path = "web-service/WebServiceApi.h"; sourceTree = "<group>"; };
		05C870770FA77FD80069BC72 /* WebServiceApi.m */ = {isa = PBXFileReference; fileEncoding = 4; lastKnownFileType = sourcecode.c.objc; name = WebServiceApi.m; path = "web-service/WebServiceApi.m"; sourceTree = "<group>"; };
		05C870780FA77FD80069BC72 /* WebServiceApiDelegate.h */ = {isa = PBXFileReference; fileEncoding = 4; lastKnownFileType = sourcecode.c.h; name = WebServiceApiDelegate.h; path = "web-service/WebServiceApiDelegate.h"; sourceTree = "<group>"; };
		05E636BD0FA8C11C00F736A5 /* en */ = {isa = PBXFileReference; lastKnownFileType = file.xib; name = en; path = en.lproj/NewsFeedView.xib; sourceTree = "<group>"; };
		05E636C80FA8C1B900F736A5 /* NewsFeedViewController.h */ = {isa = PBXFileReference; fileEncoding = 4; lastKnownFileType = sourcecode.c.h; name = NewsFeedViewController.h; path = "news-feed/NewsFeedViewController.h"; sourceTree = "<group>"; };
		05E636C90FA8C1B900F736A5 /* NewsFeedViewController.m */ = {isa = PBXFileReference; fileEncoding = 4; lastKnownFileType = sourcecode.c.objc; name = NewsFeedViewController.m; path = "news-feed/NewsFeedViewController.m"; sourceTree = "<group>"; };
		05E637280FA8C8EB00F736A5 /* en */ = {isa = PBXFileReference; lastKnownFileType = file.xib; name = en; path = en.lproj/NewsFeedTableViewCell.xib; sourceTree = "<group>"; };
		05E6372E0FA8CD2C00F736A5 /* NewsFeedTableViewCell.h */ = {isa = PBXFileReference; fileEncoding = 4; lastKnownFileType = sourcecode.c.h; name = NewsFeedTableViewCell.h; path = "news-feed/NewsFeedTableViewCell.h"; sourceTree = "<group>"; };
		05E6372F0FA8CD2C00F736A5 /* NewsFeedTableViewCell.m */ = {isa = PBXFileReference; fileEncoding = 4; lastKnownFileType = sourcecode.c.objc; name = NewsFeedTableViewCell.m; path = "news-feed/NewsFeedTableViewCell.m"; sourceTree = "<group>"; };
		05E637770FA8D36500F736A5 /* NSDate+LighthouseStringHelpers.h */ = {isa = PBXFileReference; fileEncoding = 4; lastKnownFileType = sourcecode.c.h; name = "NSDate+LighthouseStringHelpers.h"; path = "shared/NSDate+LighthouseStringHelpers.h"; sourceTree = "<group>"; };
		05E637780FA8D36500F736A5 /* NSDate+LighthouseStringHelpers.m */ = {isa = PBXFileReference; fileEncoding = 4; lastKnownFileType = sourcecode.c.objc; name = "NSDate+LighthouseStringHelpers.m"; path = "shared/NSDate+LighthouseStringHelpers.m"; sourceTree = "<group>"; };
		05E637790FA8D36500F736A5 /* NSDate+IsToday.h */ = {isa = PBXFileReference; fileEncoding = 4; lastKnownFileType = sourcecode.c.h; name = "NSDate+IsToday.h"; path = "shared/NSDate+IsToday.h"; sourceTree = "<group>"; };
		05E6377A0FA8D36500F736A5 /* NSDate+IsToday.m */ = {isa = PBXFileReference; fileEncoding = 4; lastKnownFileType = sourcecode.c.objc; name = "NSDate+IsToday.m"; path = "shared/NSDate+IsToday.m"; sourceTree = "<group>"; };
		05E6377B0FA8D36500F736A5 /* NSDate+StringHelpers.h */ = {isa = PBXFileReference; fileEncoding = 4; lastKnownFileType = sourcecode.c.h; name = "NSDate+StringHelpers.h"; path = "shared/NSDate+StringHelpers.h"; sourceTree = "<group>"; };
		05E6377C0FA8D36500F736A5 /* NSDate+StringHelpers.m */ = {isa = PBXFileReference; fileEncoding = 4; lastKnownFileType = sourcecode.c.objc; name = "NSDate+StringHelpers.m"; path = "shared/NSDate+StringHelpers.m"; sourceTree = "<group>"; };
		05E637F30FA8DC4A00F736A5 /* UILabel+DrawingAdditions.h */ = {isa = PBXFileReference; fileEncoding = 4; lastKnownFileType = sourcecode.c.h; name = "UILabel+DrawingAdditions.h"; path = "shared/UILabel+DrawingAdditions.h"; sourceTree = "<group>"; };
		05E637F40FA8DC4A00F736A5 /* UILabel+DrawingAdditions.m */ = {isa = PBXFileReference; fileEncoding = 4; lastKnownFileType = sourcecode.c.objc; name = "UILabel+DrawingAdditions.m"; path = "shared/UILabel+DrawingAdditions.m"; sourceTree = "<group>"; };
		05EFD7530FA91F07001DFCFB /* TableViewCellGradient.png */ = {isa = PBXFileReference; lastKnownFileType = image.png; path = TableViewCellGradient.png; sourceTree = "<group>"; };
		05EFD7C20FA924F6001DFCFB /* WebServiceResponseDispatcher.h */ = {isa = PBXFileReference; fileEncoding = 4; lastKnownFileType = sourcecode.c.h; name = WebServiceResponseDispatcher.h; path = "web-service/WebServiceResponseDispatcher.h"; sourceTree = "<group>"; };
		05EFD7C30FA924F6001DFCFB /* WebServiceResponseDispatcher.m */ = {isa = PBXFileReference; fileEncoding = 4; lastKnownFileType = sourcecode.c.objc; name = WebServiceResponseDispatcher.m; path = "web-service/WebServiceResponseDispatcher.m"; sourceTree = "<group>"; };
		05EFD7E10FA928B7001DFCFB /* NSDictionary+NonRetainedKeyAdditions.h */ = {isa = PBXFileReference; fileEncoding = 4; lastKnownFileType = sourcecode.c.h; name = "NSDictionary+NonRetainedKeyAdditions.h"; path = "web-service/NSDictionary+NonRetainedKeyAdditions.h"; sourceTree = "<group>"; };
		05EFD7E20FA928B7001DFCFB /* NSDictionary+NonRetainedKeyAdditions.m */ = {isa = PBXFileReference; fileEncoding = 4; lastKnownFileType = sourcecode.c.objc; name = "NSDictionary+NonRetainedKeyAdditions.m"; path = "web-service/NSDictionary+NonRetainedKeyAdditions.m"; sourceTree = "<group>"; };
		05EFD7F60FA92B4D001DFCFB /* LighthouseNewsFeed.h */ = {isa = PBXFileReference; fileEncoding = 4; lastKnownFileType = sourcecode.c.h; name = LighthouseNewsFeed.h; path = lighthouse/LighthouseNewsFeed.h; sourceTree = "<group>"; };
		05EFD7F70FA92B4D001DFCFB /* LighthouseNewsFeed.m */ = {isa = PBXFileReference; fileEncoding = 4; lastKnownFileType = sourcecode.c.objc; name = LighthouseNewsFeed.m; path = lighthouse/LighthouseNewsFeed.m; sourceTree = "<group>"; };
		05EFD8340FA93404001DFCFB /* LighthouseNewsFeedParser.h */ = {isa = PBXFileReference; fileEncoding = 4; lastKnownFileType = sourcecode.c.h; name = LighthouseNewsFeedParser.h; path = lighthouse/LighthouseNewsFeedParser.h; sourceTree = "<group>"; };
		05EFD8350FA93404001DFCFB /* LighthouseNewsFeedParser.m */ = {isa = PBXFileReference; fileEncoding = 4; lastKnownFileType = sourcecode.c.objc; name = LighthouseNewsFeedParser.m; path = lighthouse/LighthouseNewsFeedParser.m; sourceTree = "<group>"; };
		05EFD8400FA937BD001DFCFB /* LighthouseNewsFeedDelegate.h */ = {isa = PBXFileReference; fileEncoding = 4; lastKnownFileType = sourcecode.c.h; name = LighthouseNewsFeedDelegate.h; path = lighthouse/LighthouseNewsFeedDelegate.h; sourceTree = "<group>"; };
		05EFD88B0FA9405C001DFCFB /* NewsFeedItem.h */ = {isa = PBXFileReference; fileEncoding = 4; lastKnownFileType = sourcecode.c.h; name = NewsFeedItem.h; path = "news-feed/NewsFeedItem.h"; sourceTree = "<group>"; };
		05EFD88C0FA9405C001DFCFB /* NewsFeedItem.m */ = {isa = PBXFileReference; fileEncoding = 4; lastKnownFileType = sourcecode.c.objc; name = NewsFeedItem.m; path = "news-feed/NewsFeedItem.m"; sourceTree = "<group>"; };
		1D30AB110D05D00D00671497 /* Foundation.framework */ = {isa = PBXFileReference; lastKnownFileType = wrapper.framework; name = Foundation.framework; path = System/Library/Frameworks/Foundation.framework; sourceTree = SDKROOT; };
		1D6058910D05DD3D006BFB54 /* Bug Watch.app */ = {isa = PBXFileReference; explicitFileType = wrapper.application; includeInIndex = 0; path = "Bug Watch.app"; sourceTree = BUILT_PRODUCTS_DIR; };
		1DF5F4DF0D08C38300B7A737 /* UIKit.framework */ = {isa = PBXFileReference; lastKnownFileType = wrapper.framework; name = UIKit.framework; path = System/Library/Frameworks/UIKit.framework; sourceTree = SDKROOT; };
		288765070DF74369002DB57D /* CoreGraphics.framework */ = {isa = PBXFileReference; lastKnownFileType = wrapper.framework; name = CoreGraphics.framework; path = System/Library/Frameworks/CoreGraphics.framework; sourceTree = SDKROOT; };
		28A0AB4B0D9B1048005BE974 /* bug_watch_Prefix.pch */ = {isa = PBXFileReference; fileEncoding = 4; lastKnownFileType = sourcecode.c.h; path = bug_watch_Prefix.pch; sourceTree = "<group>"; };
		29B97316FDCFA39411CA2CEA /* main.m */ = {isa = PBXFileReference; fileEncoding = 4; lastKnownFileType = sourcecode.c.objc; path = main.m; sourceTree = "<group>"; };
		8D1107310486CEB800E47090 /* Info.plist */ = {isa = PBXFileReference; fileEncoding = 4; lastKnownFileType = text.plist.xml; path = Info.plist; sourceTree = "<group>"; };
		9100C0640FA8BF5B003C2ECF /* en */ = {isa = PBXFileReference; lastKnownFileType = file.xib; name = en; path = en.lproj/MainWindow.xib; sourceTree = "<group>"; };
		9100C0830FA8C08F003C2ECF /* en */ = {isa = PBXFileReference; lastKnownFileType = file.xib; name = en; path = en.lproj/TicketsView.xib; sourceTree = "<group>"; };
		9100C09B0FA8C876003C2ECF /* TicketsViewController.h */ = {isa = PBXFileReference; fileEncoding = 4; lastKnownFileType = sourcecode.c.h; name = TicketsViewController.h; path = tickets/TicketsViewController.h; sourceTree = "<group>"; };
		9100C09C0FA8C876003C2ECF /* TicketsViewController.m */ = {isa = PBXFileReference; fileEncoding = 4; lastKnownFileType = sourcecode.c.objc; name = TicketsViewController.m; path = tickets/TicketsViewController.m; sourceTree = "<group>"; };
		9100C1C90FA90D8C003C2ECF /* en */ = {isa = PBXFileReference; lastKnownFileType = file.xib; name = en; path = en.lproj/TicketTableViewCell.xib; sourceTree = "<group>"; };
		9100C1E90FA918C0003C2ECF /* Ticket.h */ = {isa = PBXFileReference; fileEncoding = 4; lastKnownFileType = sourcecode.c.h; name = Ticket.h; path = tickets/Ticket.h; sourceTree = "<group>"; };
		9100C1EA0FA918C0003C2ECF /* Ticket.m */ = {isa = PBXFileReference; fileEncoding = 4; lastKnownFileType = sourcecode.c.objc; name = Ticket.m; path = tickets/Ticket.m; sourceTree = "<group>"; };
		9100C1FE0FA91FDA003C2ECF /* TicketTableViewCell.h */ = {isa = PBXFileReference; fileEncoding = 4; lastKnownFileType = sourcecode.c.h; name = TicketTableViewCell.h; path = tickets/TicketTableViewCell.h; sourceTree = "<group>"; };
		9100C1FF0FA91FDA003C2ECF /* TicketTableViewCell.m */ = {isa = PBXFileReference; fileEncoding = 4; lastKnownFileType = sourcecode.c.objc; name = TicketTableViewCell.m; path = tickets/TicketTableViewCell.m; sourceTree = "<group>"; };
		9100C23D0FA928BD003C2ECF /* UIColor+BugWatchColors.h */ = {isa = PBXFileReference; fileEncoding = 4; lastKnownFileType = sourcecode.c.h; name = "UIColor+BugWatchColors.h"; path = "shared/UIColor+BugWatchColors.h"; sourceTree = "<group>"; };
		9100C23E0FA928BD003C2ECF /* UIColor+BugWatchColors.m */ = {isa = PBXFileReference; fileEncoding = 4; lastKnownFileType = sourcecode.c.objc; name = "UIColor+BugWatchColors.m"; path = "shared/UIColor+BugWatchColors.m"; sourceTree = "<group>"; };
		913E448D0FAA0876000EB184 /* TicketsViewControllerDelegate.h */ = {isa = PBXFileReference; fileEncoding = 4; lastKnownFileType = sourcecode.c.h; name = TicketsViewControllerDelegate.h; path = tickets/TicketsViewControllerDelegate.h; sourceTree = "<group>"; };
		913E44A40FAA0F27000EB184 /* BugWatchAppController.h */ = {isa = PBXFileReference; fileEncoding = 4; lastKnownFileType = sourcecode.c.h; path = BugWatchAppController.h; sourceTree = "<group>"; };
		913E44A50FAA0F27000EB184 /* BugWatchAppController.m */ = {isa = PBXFileReference; fileEncoding = 4; lastKnownFileType = sourcecode.c.objc; path = BugWatchAppController.m; sourceTree = "<group>"; };
		913E44CA0FAA189F000EB184 /* TicketDisplayMgr.h */ = {isa = PBXFileReference; fileEncoding = 4; lastKnownFileType = sourcecode.c.h; name = TicketDisplayMgr.h; path = tickets/TicketDisplayMgr.h; sourceTree = "<group>"; };
		913E44CB0FAA189F000EB184 /* TicketDisplayMgr.m */ = {isa = PBXFileReference; fileEncoding = 4; lastKnownFileType = sourcecode.c.objc; name = TicketDisplayMgr.m; path = tickets/TicketDisplayMgr.m; sourceTree = "<group>"; };
		913E44CD0FAA1CF7000EB184 /* TicketCache.h */ = {isa = PBXFileReference; fileEncoding = 4; lastKnownFileType = sourcecode.c.h; name = TicketCache.h; path = tickets/TicketCache.h; sourceTree = "<group>"; };
		913E44CE0FAA1CF7000EB184 /* TicketCache.m */ = {isa = PBXFileReference; fileEncoding = 4; lastKnownFileType = sourcecode.c.objc; name = TicketCache.m; path = tickets/TicketCache.m; sourceTree = "<group>"; };
		913E44F40FAA2858000EB184 /* TicketDetailsViewController.h */ = {isa = PBXFileReference; fileEncoding = 4; lastKnownFileType = sourcecode.c.h; name = TicketDetailsViewController.h; path = tickets/TicketDetailsViewController.h; sourceTree = "<group>"; };
		913E44F50FAA2858000EB184 /* TicketDetailsViewController.m */ = {isa = PBXFileReference; fileEncoding = 4; lastKnownFileType = sourcecode.c.objc; name = TicketDetailsViewController.m; path = tickets/TicketDetailsViewController.m; sourceTree = "<group>"; };
		913E45050FAA2C85000EB184 /* en */ = {isa = PBXFileReference; lastKnownFileType = file.xib; name = en; path = en.lproj/TicketDetailsView.xib; sourceTree = "<group>"; };
		913E45A10FAA753C000EB184 /* en */ = {isa = PBXFileReference; lastKnownFileType = file.xib; name = en; path = en.lproj/ProjectsView.xib; sourceTree = "<group>"; };
		913E45A30FAA7579000EB184 /* ProjectsViewController.h */ = {isa = PBXFileReference; fileEncoding = 4; lastKnownFileType = sourcecode.c.h; name = ProjectsViewController.h; path = projects/ProjectsViewController.h; sourceTree = "<group>"; };
		913E45A40FAA7579000EB184 /* ProjectsViewController.m */ = {isa = PBXFileReference; fileEncoding = 4; lastKnownFileType = sourcecode.c.objc; name = ProjectsViewController.m; path = projects/ProjectsViewController.m; sourceTree = "<group>"; };
		913E45A80FAA7779000EB184 /* en */ = {isa = PBXFileReference; lastKnownFileType = file.xib; name = en; path = en.lproj/ProjectTableViewCell.xib; sourceTree = "<group>"; };
		913E45AA0FAA7795000EB184 /* ProjectTableViewCell.h */ = {isa = PBXFileReference; fileEncoding = 4; lastKnownFileType = sourcecode.c.h; name = ProjectTableViewCell.h; path = projects/ProjectTableViewCell.h; sourceTree = "<group>"; };
		913E45AB0FAA7795000EB184 /* ProjectTableViewCell.m */ = {isa = PBXFileReference; fileEncoding = 4; lastKnownFileType = sourcecode.c.objc; name = ProjectTableViewCell.m; path = projects/ProjectTableViewCell.m; sourceTree = "<group>"; };
		913E45D40FAA8027000EB184 /* RoundedRectLabel.h */ = {isa = PBXFileReference; fileEncoding = 4; lastKnownFileType = sourcecode.c.h; name = RoundedRectLabel.h; path = shared/RoundedRectLabel.h; sourceTree = "<group>"; };
		913E45D50FAA8027000EB184 /* RoundedRectLabel.m */ = {isa = PBXFileReference; fileEncoding = 4; lastKnownFileType = sourcecode.c.objc; name = RoundedRectLabel.m; path = shared/RoundedRectLabel.m; sourceTree = "<group>"; };
		91806D8B0F97E72900F08005 /* Icon.png */ = {isa = PBXFileReference; lastKnownFileType = image.png; path = Icon.png; sourceTree = "<group>"; };
		919C995E0FA25965002CF095 /* Projects.png */ = {isa = PBXFileReference; lastKnownFileType = image.png; path = Projects.png; sourceTree = "<group>"; };
		919C996B0FA25E55002CF095 /* Thumbtack.png */ = {isa = PBXFileReference; lastKnownFileType = image.png; path = Thumbtack.png; sourceTree = "<group>"; };
		919C99710FA2655F002CF095 /* Pages.png */ = {isa = PBXFileReference; lastKnownFileType = image.png; path = Pages.png; sourceTree = "<group>"; };
		91D6805E0F98D9040040A310 /* Default.png */ = {isa = PBXFileReference; lastKnownFileType = image.png; path = Default.png; sourceTree = "<group>"; };
		91D6807F0F98DDC40040A310 /* HomeIcon.png */ = {isa = PBXFileReference; lastKnownFileType = image.png; path = HomeIcon.png; sourceTree = "<group>"; };
		91D680810F98DF880040A310 /* Bug.png */ = {isa = PBXFileReference; lastKnownFileType = image.png; path = Bug.png; sourceTree = "<group>"; };
		91D680880F98E4060040A310 /* Calendar.png */ = {isa = PBXFileReference; lastKnownFileType = image.png; path = Calendar.png; sourceTree = "<group>"; };
/* End PBXFileReference section */

/* Begin PBXFrameworksBuildPhase section */
		1D60588F0D05DD3D006BFB54 /* Frameworks */ = {
			isa = PBXFrameworksBuildPhase;
			buildActionMask = 2147483647;
			files = (
				1D60589F0D05DD5A006BFB54 /* Foundation.framework in Frameworks */,
				1DF5F4E00D08C38300B7A737 /* UIKit.framework in Frameworks */,
				288765080DF74369002DB57D /* CoreGraphics.framework in Frameworks */,
			);
			runOnlyForDeploymentPostprocessing = 0;
		};
/* End PBXFrameworksBuildPhase section */

/* Begin PBXGroup section */
		0552136E0FAB555900626049 /* vendor */ = {
			isa = PBXGroup;
			children = (
				055213730FAB55A900626049 /* regexkitlite */,
			);
			name = vendor;
			sourceTree = "<group>";
		};
		055213730FAB55A900626049 /* regexkitlite */ = {
			isa = PBXGroup;
			children = (
				055213740FAB55A900626049 /* RegexKitLite.h */,
				055213750FAB55A900626049 /* RegexKitLite.m */,
			);
			name = regexkitlite;
			path = vendor/regexkitlite;
			sourceTree = "<group>";
		};
		055213920FAB57CF00626049 /* strings */ = {
			isa = PBXGroup;
			children = (
				0552138F0FAB57CB00626049 /* Localizable.strings */,
			);
			name = strings;
			sourceTree = "<group>";
		};
		055215CD0FABB51400626049 /* html */ = {
			isa = PBXGroup;
			children = (
				055215DE0FABB5C700626049 /* news-feed-item-style.css */,
			);
			name = html;
			sourceTree = "<group>";
		};
		05C870670FA77EDC0069BC72 /* app-controller */ = {
			isa = PBXGroup;
			children = (
				05C8706C0FA77F4C0069BC72 /* BugWatchAppDelegate.h */,
				05C8706D0FA77F4C0069BC72 /* BugWatchAppDelegate.m */,
				913E44A40FAA0F27000EB184 /* BugWatchAppController.h */,
				913E44A50FAA0F27000EB184 /* BugWatchAppController.m */,
			);
			name = "app-controller";
			sourceTree = "<group>";
		};
		05C870720FA77FCC0069BC72 /* web-service */ = {
			isa = PBXGroup;
			children = (
				05C870760FA77FD80069BC72 /* WebServiceApi.h */,
				05C870770FA77FD80069BC72 /* WebServiceApi.m */,
				05C870780FA77FD80069BC72 /* WebServiceApiDelegate.h */,
				05EFD7C20FA924F6001DFCFB /* WebServiceResponseDispatcher.h */,
				05EFD7C30FA924F6001DFCFB /* WebServiceResponseDispatcher.m */,
				05C870740FA77FD80069BC72 /* NSURLRequest+WebServiceApiAdditions.h */,
				05C870750FA77FD80069BC72 /* NSURLRequest+WebServiceApiAdditions.m */,
				05EFD7E10FA928B7001DFCFB /* NSDictionary+NonRetainedKeyAdditions.h */,
				05EFD7E20FA928B7001DFCFB /* NSDictionary+NonRetainedKeyAdditions.m */,
			);
			name = "web-service";
			sourceTree = "<group>";
		};
		05E636C00FA8C17D00F736A5 /* news-feed */ = {
			isa = PBXGroup;
			children = (
				05EFD88B0FA9405C001DFCFB /* NewsFeedItem.h */,
				05EFD88C0FA9405C001DFCFB /* NewsFeedItem.m */,
				055212790FAA4C2700626049 /* NewsFeedDisplayMgr.h */,
				0552127A0FAA4C2700626049 /* NewsFeedDisplayMgr.m */,
				05E636C80FA8C1B900F736A5 /* NewsFeedViewController.h */,
				05E636C90FA8C1B900F736A5 /* NewsFeedViewController.m */,
				0552127C0FAA4D1700626049 /* NewsFeedViewControllerDelegate.h */,
				05E6372E0FA8CD2C00F736A5 /* NewsFeedTableViewCell.h */,
				05E6372F0FA8CD2C00F736A5 /* NewsFeedTableViewCell.m */,
				055212920FAA599600626049 /* NewsFeedItemViewController.h */,
				055212930FAA599600626049 /* NewsFeedItemViewController.m */,
				0552130B0FAA757300626049 /* NewsFeedDataSource.h */,
				0552130C0FAA757300626049 /* NewsFeedDataSource.m */,
				055213120FAA7CED00626049 /* NewsFeedDataSourceDelegate.h */,
			);
			name = "news-feed";
			sourceTree = "<group>";
		};
		05E637760FA8D35100F736A5 /* shared */ = {
			isa = PBXGroup;
			children = (
				055214020FAB709600626049 /* NetworkAwareViewController.h */,
				055214030FAB709600626049 /* NetworkAwareViewController.m */,
				055214040FAB709600626049 /* NetworkAwareViewControllerDelegate.h */,
				055214050FAB709600626049 /* NoDataViewController.h */,
				055214060FAB709600626049 /* NoDataViewController.m */,
				05E637F30FA8DC4A00F736A5 /* UILabel+DrawingAdditions.h */,
				05E637F40FA8DC4A00F736A5 /* UILabel+DrawingAdditions.m */,
				05E637770FA8D36500F736A5 /* NSDate+LighthouseStringHelpers.h */,
				05E637780FA8D36500F736A5 /* NSDate+LighthouseStringHelpers.m */,
				05E637790FA8D36500F736A5 /* NSDate+IsToday.h */,
				05E6377A0FA8D36500F736A5 /* NSDate+IsToday.m */,
				05E6377B0FA8D36500F736A5 /* NSDate+StringHelpers.h */,
				05E6377C0FA8D36500F736A5 /* NSDate+StringHelpers.m */,
				9100C23D0FA928BD003C2ECF /* UIColor+BugWatchColors.h */,
				9100C23E0FA928BD003C2ECF /* UIColor+BugWatchColors.m */,
				055215B80FABB3F300626049 /* UIWebView+FileLoadingAdditions.h */,
				055215B90FABB3F300626049 /* UIWebView+FileLoadingAdditions.m */,
				913E45D40FAA8027000EB184 /* RoundedRectLabel.h */,
				913E45D50FAA8027000EB184 /* RoundedRectLabel.m */,
			);
			name = shared;
			sourceTree = "<group>";
		};
		05EFD7C10FA924D8001DFCFB /* lighthouse */ = {
			isa = PBXGroup;
			children = (
				05EFD7F60FA92B4D001DFCFB /* LighthouseNewsFeed.h */,
				05EFD7F70FA92B4D001DFCFB /* LighthouseNewsFeed.m */,
				05EFD8340FA93404001DFCFB /* LighthouseNewsFeedParser.h */,
				05EFD8350FA93404001DFCFB /* LighthouseNewsFeedParser.m */,
				05EFD8400FA937BD001DFCFB /* LighthouseNewsFeedDelegate.h */,
				0552130E0FAA766500626049 /* LighthouseNewsFeedService.h */,
				0552130F0FAA766500626049 /* LighthouseNewsFeedService.m */,
				055213110FAA7BC800626049 /* LighthouseNewsFeedServiceDelegate.h */,
			);
			name = lighthouse;
			sourceTree = "<group>";
		};
		080E96DDFE201D6D7F000001 /* Classes */ = {
			isa = PBXGroup;
			children = (
				913E45A60FAA7757000EB184 /* projects */,
				05C870670FA77EDC0069BC72 /* app-controller */,
				05E636C00FA8C17D00F736A5 /* news-feed */,
				9100C09E0FA8C87D003C2ECF /* tickets */,
				05EFD7C10FA924D8001DFCFB /* lighthouse */,
				05C870720FA77FCC0069BC72 /* web-service */,
				05E637760FA8D35100F736A5 /* shared */,
				0552136E0FAB555900626049 /* vendor */,
			);
			path = Classes;
			sourceTree = "<group>";
		};
		19C28FACFE9D520D11CA2CBB /* Products */ = {
			isa = PBXGroup;
			children = (
				1D6058910D05DD3D006BFB54 /* Bug Watch.app */,
			);
			name = Products;
			sourceTree = "<group>";
		};
		29B97314FDCFA39411CA2CEA /* bug-watch */ = {
			isa = PBXGroup;
			children = (
				080E96DDFE201D6D7F000001 /* Classes */,
				29B97315FDCFA39411CA2CEA /* Other Sources */,
				29B97317FDCFA39411CA2CEA /* Resources */,
				29B97323FDCFA39411CA2CEA /* Frameworks */,
				19C28FACFE9D520D11CA2CBB /* Products */,
			);
			name = "bug-watch";
			sourceTree = "<group>";
		};
		29B97315FDCFA39411CA2CEA /* Other Sources */ = {
			isa = PBXGroup;
			children = (
				28A0AB4B0D9B1048005BE974 /* bug_watch_Prefix.pch */,
				29B97316FDCFA39411CA2CEA /* main.m */,
			);
			name = "Other Sources";
			sourceTree = "<group>";
		};
		29B97317FDCFA39411CA2CEA /* Resources */ = {
			isa = PBXGroup;
			children = (
				9100C0620FA8BF5B003C2ECF /* nibs */,
				91806D8A0F97E72900F08005 /* images */,
				055213920FAB57CF00626049 /* strings */,
				055215CD0FABB51400626049 /* html */,
				8D1107310486CEB800E47090 /* Info.plist */,
			);
			name = Resources;
			sourceTree = "<group>";
		};
		29B97323FDCFA39411CA2CEA /* Frameworks */ = {
			isa = PBXGroup;
			children = (
				1DF5F4DF0D08C38300B7A737 /* UIKit.framework */,
				1D30AB110D05D00D00671497 /* Foundation.framework */,
				288765070DF74369002DB57D /* CoreGraphics.framework */,
			);
			name = Frameworks;
			sourceTree = "<group>";
		};
		9100C0620FA8BF5B003C2ECF /* nibs */ = {
			isa = PBXGroup;
			children = (
				9100C0630FA8BF5B003C2ECF /* MainWindow.xib */,
				05E636BC0FA8C11C00F736A5 /* NewsFeedView.xib */,
				05E637270FA8C8EB00F736A5 /* NewsFeedTableViewCell.xib */,
				055212950FAA59B800626049 /* NewsFeedItemView.xib */,
				9100C0820FA8C08F003C2ECF /* TicketsView.xib */,
				9100C1C80FA90D8C003C2ECF /* TicketTableViewCell.xib */,
				913E45040FAA2C85000EB184 /* TicketDetailsView.xib */,
				055213FF0FAB707D00626049 /* NoDataView.xib */,
				913E45A00FAA753C000EB184 /* ProjectsView.xib */,
				913E45A70FAA7779000EB184 /* ProjectTableViewCell.xib */,
			);
			path = nibs;
			sourceTree = "<group>";
		};
		9100C09E0FA8C87D003C2ECF /* tickets */ = {
			isa = PBXGroup;
			children = (
				9100C09B0FA8C876003C2ECF /* TicketsViewController.h */,
				9100C09C0FA8C876003C2ECF /* TicketsViewController.m */,
				9100C1E90FA918C0003C2ECF /* Ticket.h */,
				9100C1EA0FA918C0003C2ECF /* Ticket.m */,
				9100C1FE0FA91FDA003C2ECF /* TicketTableViewCell.h */,
				9100C1FF0FA91FDA003C2ECF /* TicketTableViewCell.m */,
				913E448D0FAA0876000EB184 /* TicketsViewControllerDelegate.h */,
				913E44CA0FAA189F000EB184 /* TicketDisplayMgr.h */,
				913E44CB0FAA189F000EB184 /* TicketDisplayMgr.m */,
				913E44CD0FAA1CF7000EB184 /* TicketCache.h */,
				913E44CE0FAA1CF7000EB184 /* TicketCache.m */,
				913E44F40FAA2858000EB184 /* TicketDetailsViewController.h */,
				913E44F50FAA2858000EB184 /* TicketDetailsViewController.m */,
			);
			name = tickets;
			sourceTree = "<group>";
		};
		913E45A60FAA7757000EB184 /* projects */ = {
			isa = PBXGroup;
			children = (
				913E45A30FAA7579000EB184 /* ProjectsViewController.h */,
				913E45A40FAA7579000EB184 /* ProjectsViewController.m */,
				913E45AA0FAA7795000EB184 /* ProjectTableViewCell.h */,
				913E45AB0FAA7795000EB184 /* ProjectTableViewCell.m */,
			);
			name = projects;
			sourceTree = "<group>";
		};
		91806D8A0F97E72900F08005 /* images */ = {
			isa = PBXGroup;
			children = (
				919C99710FA2655F002CF095 /* Pages.png */,
				919C996B0FA25E55002CF095 /* Thumbtack.png */,
				919C995E0FA25965002CF095 /* Projects.png */,
				91D680880F98E4060040A310 /* Calendar.png */,
				91D680810F98DF880040A310 /* Bug.png */,
				91D6807F0F98DDC40040A310 /* HomeIcon.png */,
				91D6805E0F98D9040040A310 /* Default.png */,
				91806D8B0F97E72900F08005 /* Icon.png */,
				05EFD7530FA91F07001DFCFB /* TableViewCellGradient.png */,
				0552172D0FACB75800626049 /* DropShadow.png */,
			);
			path = images;
			sourceTree = "<group>";
		};
/* End PBXGroup section */

/* Begin PBXNativeTarget section */
		1D6058900D05DD3D006BFB54 /* Bug Watch */ = {
			isa = PBXNativeTarget;
			buildConfigurationList = 1D6058960D05DD3E006BFB54 /* Build configuration list for PBXNativeTarget "Bug Watch" */;
			buildPhases = (
				1D60588D0D05DD3D006BFB54 /* Resources */,
				1D60588E0D05DD3D006BFB54 /* Sources */,
				1D60588F0D05DD3D006BFB54 /* Frameworks */,
			);
			buildRules = (
			);
			dependencies = (
			);
			name = "Bug Watch";
			productName = "bug-watch";
			productReference = 1D6058910D05DD3D006BFB54 /* Bug Watch.app */;
			productType = "com.apple.product-type.application";
		};
/* End PBXNativeTarget section */

/* Begin PBXProject section */
		29B97313FDCFA39411CA2CEA /* Project object */ = {
			isa = PBXProject;
			buildConfigurationList = C01FCF4E08A954540054247B /* Build configuration list for PBXProject "bug-watch" */;
			compatibilityVersion = "Xcode 3.1";
			hasScannedForEncodings = 1;
			knownRegions = (
				English,
				Japanese,
				French,
				German,
				en,
			);
			mainGroup = 29B97314FDCFA39411CA2CEA /* bug-watch */;
			projectDirPath = "";
			projectRoot = "";
			targets = (
				1D6058900D05DD3D006BFB54 /* Bug Watch */,
			);
		};
/* End PBXProject section */

/* Begin PBXResourcesBuildPhase section */
		1D60588D0D05DD3D006BFB54 /* Resources */ = {
			isa = PBXResourcesBuildPhase;
			buildActionMask = 2147483647;
			files = (
				91806D8C0F97E72900F08005 /* Icon.png in Resources */,
				91D6805F0F98D9040040A310 /* Default.png in Resources */,
				91D680800F98DDC40040A310 /* HomeIcon.png in Resources */,
				91D680820F98DF880040A310 /* Bug.png in Resources */,
				91D680890F98E4060040A310 /* Calendar.png in Resources */,
				919C995F0FA25965002CF095 /* Projects.png in Resources */,
				919C996C0FA25E55002CF095 /* Thumbtack.png in Resources */,
				919C99720FA2655F002CF095 /* Pages.png in Resources */,
				9100C0650FA8BF5B003C2ECF /* MainWindow.xib in Resources */,
				05E636BE0FA8C11C00F736A5 /* NewsFeedView.xib in Resources */,
				9100C0840FA8C08F003C2ECF /* TicketsView.xib in Resources */,
				05E637290FA8C8EB00F736A5 /* NewsFeedTableViewCell.xib in Resources */,
				9100C1CA0FA90D8C003C2ECF /* TicketTableViewCell.xib in Resources */,
				05EFD7540FA91F07001DFCFB /* TableViewCellGradient.png in Resources */,
				913E45060FAA2C85000EB184 /* TicketDetailsView.xib in Resources */,
				055212970FAA59B800626049 /* NewsFeedItemView.xib in Resources */,
				913E45A20FAA753C000EB184 /* ProjectsView.xib in Resources */,
				913E45A90FAA7779000EB184 /* ProjectTableViewCell.xib in Resources */,
				055213910FAB57CB00626049 /* Localizable.strings in Resources */,
				055214010FAB707D00626049 /* NoDataView.xib in Resources */,
				055215DF0FABB5C700626049 /* news-feed-item-style.css in Resources */,
				0552172E0FACB75800626049 /* DropShadow.png in Resources */,
			);
			runOnlyForDeploymentPostprocessing = 0;
		};
/* End PBXResourcesBuildPhase section */

/* Begin PBXSourcesBuildPhase section */
		1D60588E0D05DD3D006BFB54 /* Sources */ = {
			isa = PBXSourcesBuildPhase;
			buildActionMask = 2147483647;
			files = (
				1D60589B0D05DD56006BFB54 /* main.m in Sources */,
				05C8706E0FA77F4C0069BC72 /* BugWatchAppDelegate.m in Sources */,
				05C870790FA77FD80069BC72 /* NSURLRequest+WebServiceApiAdditions.m in Sources */,
				05C8707A0FA77FD80069BC72 /* WebServiceApi.m in Sources */,
				05E636CA0FA8C1B900F736A5 /* NewsFeedViewController.m in Sources */,
				05E637300FA8CD2C00F736A5 /* NewsFeedTableViewCell.m in Sources */,
				05E6377D0FA8D36500F736A5 /* NSDate+LighthouseStringHelpers.m in Sources */,
				05E6377E0FA8D36500F736A5 /* NSDate+IsToday.m in Sources */,
				05E6377F0FA8D36500F736A5 /* NSDate+StringHelpers.m in Sources */,
				9100C09D0FA8C876003C2ECF /* TicketsViewController.m in Sources */,
				05E637F50FA8DC4A00F736A5 /* UILabel+DrawingAdditions.m in Sources */,
				9100C1EB0FA918C0003C2ECF /* Ticket.m in Sources */,
				9100C2000FA91FDA003C2ECF /* TicketTableViewCell.m in Sources */,
				9100C23F0FA928BD003C2ECF /* UIColor+BugWatchColors.m in Sources */,
				05EFD7C40FA924F6001DFCFB /* WebServiceResponseDispatcher.m in Sources */,
				05EFD7E30FA928B7001DFCFB /* NSDictionary+NonRetainedKeyAdditions.m in Sources */,
				05EFD7F80FA92B4D001DFCFB /* LighthouseNewsFeed.m in Sources */,
				913E44A60FAA0F27000EB184 /* BugWatchAppController.m in Sources */,
				05EFD8360FA93404001DFCFB /* LighthouseNewsFeedParser.m in Sources */,
				05EFD88D0FA9405C001DFCFB /* NewsFeedItem.m in Sources */,
				913E44CC0FAA189F000EB184 /* TicketDisplayMgr.m in Sources */,
				913E44CF0FAA1CF7000EB184 /* TicketCache.m in Sources */,
				913E44F60FAA2858000EB184 /* TicketDetailsViewController.m in Sources */,
				0552127B0FAA4C2700626049 /* NewsFeedDisplayMgr.m in Sources */,
				055212940FAA599600626049 /* NewsFeedItemViewController.m in Sources */,
				913E45A50FAA7579000EB184 /* ProjectsViewController.m in Sources */,
				913E45AC0FAA7795000EB184 /* ProjectTableViewCell.m in Sources */,
				913E45D60FAA8027000EB184 /* RoundedRectLabel.m in Sources */,
				0552130D0FAA757300626049 /* NewsFeedDataSource.m in Sources */,
				055213100FAA766500626049 /* LighthouseNewsFeedService.m in Sources */,
				055213760FAB55A900626049 /* RegexKitLite.m in Sources */,
				055214070FAB709600626049 /* NetworkAwareViewController.m in Sources */,
				055214080FAB709600626049 /* NoDataViewController.m in Sources */,
				055215BA0FABB3F300626049 /* UIWebView+FileLoadingAdditions.m in Sources */,
			);
			runOnlyForDeploymentPostprocessing = 0;
		};
/* End PBXSourcesBuildPhase section */

/* Begin PBXVariantGroup section */
		055212950FAA59B800626049 /* NewsFeedItemView.xib */ = {
			isa = PBXVariantGroup;
			children = (
				055212960FAA59B800626049 /* en */,
			);
			name = NewsFeedItemView.xib;
			sourceTree = "<group>";
		};
		0552138F0FAB57CB00626049 /* Localizable.strings */ = {
			isa = PBXVariantGroup;
			children = (
				055213900FAB57CB00626049 /* en */,
			);
			name = Localizable.strings;
			sourceTree = "<group>";
		};
		055213FF0FAB707D00626049 /* NoDataView.xib */ = {
			isa = PBXVariantGroup;
			children = (
				055214000FAB707D00626049 /* en */,
			);
			name = NoDataView.xib;
			sourceTree = "<group>";
		};
		05E636BC0FA8C11C00F736A5 /* NewsFeedView.xib */ = {
			isa = PBXVariantGroup;
			children = (
				05E636BD0FA8C11C00F736A5 /* en */,
			);
			name = NewsFeedView.xib;
			sourceTree = "<group>";
		};
		05E637270FA8C8EB00F736A5 /* NewsFeedTableViewCell.xib */ = {
			isa = PBXVariantGroup;
			children = (
				05E637280FA8C8EB00F736A5 /* en */,
			);
			name = NewsFeedTableViewCell.xib;
			sourceTree = "<group>";
		};
		9100C0630FA8BF5B003C2ECF /* MainWindow.xib */ = {
			isa = PBXVariantGroup;
			children = (
				9100C0640FA8BF5B003C2ECF /* en */,
			);
			name = MainWindow.xib;
			sourceTree = "<group>";
		};
		9100C0820FA8C08F003C2ECF /* TicketsView.xib */ = {
			isa = PBXVariantGroup;
			children = (
				9100C0830FA8C08F003C2ECF /* en */,
			);
			name = TicketsView.xib;
			sourceTree = "<group>";
		};
		9100C1C80FA90D8C003C2ECF /* TicketTableViewCell.xib */ = {
			isa = PBXVariantGroup;
			children = (
				9100C1C90FA90D8C003C2ECF /* en */,
			);
			name = TicketTableViewCell.xib;
			sourceTree = "<group>";
		};
		913E45040FAA2C85000EB184 /* TicketDetailsView.xib */ = {
			isa = PBXVariantGroup;
			children = (
				913E45050FAA2C85000EB184 /* en */,
			);
			name = TicketDetailsView.xib;
			sourceTree = "<group>";
		};
		913E45A00FAA753C000EB184 /* ProjectsView.xib */ = {
			isa = PBXVariantGroup;
			children = (
				913E45A10FAA753C000EB184 /* en */,
			);
			name = ProjectsView.xib;
			sourceTree = "<group>";
		};
		913E45A70FAA7779000EB184 /* ProjectTableViewCell.xib */ = {
			isa = PBXVariantGroup;
			children = (
				913E45A80FAA7779000EB184 /* en */,
			);
			name = ProjectTableViewCell.xib;
			sourceTree = "<group>";
		};
/* End PBXVariantGroup section */

/* Begin XCBuildConfiguration section */
		055005160F96C04D0046C10B /* Distribution */ = {
			isa = XCBuildConfiguration;
			buildSettings = {
				ARCHS = "$(ARCHS_STANDARD_32_BIT)";
				"CODE_SIGN_IDENTITY[sdk=iphoneos*]" = "iPhone Developer";
				GCC_C_LANGUAGE_STANDARD = c99;
				GCC_WARN_ABOUT_RETURN_TYPE = YES;
				GCC_WARN_UNUSED_VARIABLE = YES;
				OTHER_LDFLAGS = "-licucore";
				PREBINDING = NO;
				SDKROOT = iphoneos2.2.1;
			};
			name = Distribution;
		};
		055005170F96C04D0046C10B /* Distribution */ = {
			isa = XCBuildConfiguration;
			buildSettings = {
				ALWAYS_SEARCH_USER_PATHS = NO;
				COPY_PHASE_STRIP = YES;
				GCC_PRECOMPILE_PREFIX_HEADER = YES;
				GCC_PREFIX_HEADER = bug_watch_Prefix.pch;
				INFOPLIST_FILE = Info.plist;
				PRODUCT_NAME = "Bug Watch";
			};
			name = Distribution;
		};
		055005180F96C0510046C10B /* Release - Doug */ = {
			isa = XCBuildConfiguration;
			buildSettings = {
				ARCHS = "$(ARCHS_STANDARD_32_BIT)";
				"CODE_SIGN_IDENTITY[sdk=iphoneos*]" = "iPhone Developer: Douglas Kurth";
				GCC_C_LANGUAGE_STANDARD = c99;
				GCC_WARN_ABOUT_RETURN_TYPE = YES;
				GCC_WARN_UNUSED_VARIABLE = YES;
				OTHER_LDFLAGS = "-licucore";
				PREBINDING = NO;
				"PROVISIONING_PROFILE[sdk=iphoneos*]" = "673A86B7-3643-4B98-86EC-5FC4F2D7EDA4";
				SDKROOT = iphoneos2.2.1;
			};
			name = "Release - Doug";
		};
		055005190F96C0510046C10B /* Release - Doug */ = {
			isa = XCBuildConfiguration;
			buildSettings = {
				ALWAYS_SEARCH_USER_PATHS = NO;
				COPY_PHASE_STRIP = YES;
				GCC_PRECOMPILE_PREFIX_HEADER = YES;
				GCC_PREFIX_HEADER = bug_watch_Prefix.pch;
				INFOPLIST_FILE = Info.plist;
				PRODUCT_NAME = "Bug Watch";
			};
			name = "Release - Doug";
		};
		0550051A0F96C0580046C10B /* Debug - Doug */ = {
			isa = XCBuildConfiguration;
			buildSettings = {
				ARCHS = "$(ARCHS_STANDARD_32_BIT)";
				"CODE_SIGN_IDENTITY[sdk=iphoneos*]" = "iPhone Developer";
				GCC_C_LANGUAGE_STANDARD = c99;
				GCC_WARN_ABOUT_RETURN_TYPE = YES;
				GCC_WARN_UNUSED_VARIABLE = YES;
				ONLY_ACTIVE_ARCH = YES;
				OTHER_LDFLAGS = "-licucore";
				PREBINDING = NO;
				SDKROOT = iphoneos2.2.1;
			};
			name = "Debug - Doug";
		};
		0550051B0F96C0580046C10B /* Debug - Doug */ = {
			isa = XCBuildConfiguration;
			buildSettings = {
				ALWAYS_SEARCH_USER_PATHS = NO;
				COPY_PHASE_STRIP = NO;
				GCC_DYNAMIC_NO_PIC = NO;
				GCC_OPTIMIZATION_LEVEL = 0;
				GCC_PRECOMPILE_PREFIX_HEADER = YES;
				GCC_PREFIX_HEADER = bug_watch_Prefix.pch;
				INFOPLIST_FILE = Info.plist;
				PRODUCT_NAME = "Bug Watch";
			};
			name = "Debug - Doug";
		};
		1D6058940D05DD3E006BFB54 /* Debug - John */ = {
			isa = XCBuildConfiguration;
			buildSettings = {
				ALWAYS_SEARCH_USER_PATHS = NO;
				COPY_PHASE_STRIP = NO;
				GCC_DYNAMIC_NO_PIC = NO;
				GCC_OPTIMIZATION_LEVEL = 0;
				GCC_PRECOMPILE_PREFIX_HEADER = YES;
				GCC_PREFIX_HEADER = bug_watch_Prefix.pch;
				INFOPLIST_FILE = Info.plist;
				PRODUCT_NAME = "Bug Watch";
			};
			name = "Debug - John";
		};
		1D6058950D05DD3E006BFB54 /* Release - John */ = {
			isa = XCBuildConfiguration;
			buildSettings = {
				ALWAYS_SEARCH_USER_PATHS = NO;
				COPY_PHASE_STRIP = YES;
				GCC_PRECOMPILE_PREFIX_HEADER = YES;
				GCC_PREFIX_HEADER = bug_watch_Prefix.pch;
				INFOPLIST_FILE = Info.plist;
				PRODUCT_NAME = "Bug Watch";
			};
			name = "Release - John";
		};
		C01FCF4F08A954540054247B /* Debug - John */ = {
			isa = XCBuildConfiguration;
			buildSettings = {
				ARCHS = "$(ARCHS_STANDARD_32_BIT)";
				"CODE_SIGN_IDENTITY[sdk=iphoneos*]" = "iPhone Developer: John Debay";
				GCC_C_LANGUAGE_STANDARD = c99;
				GCC_WARN_ABOUT_RETURN_TYPE = YES;
				GCC_WARN_UNUSED_VARIABLE = YES;
				ONLY_ACTIVE_ARCH = YES;
				OTHER_LDFLAGS = "-licucore";
				PREBINDING = NO;
				"PROVISIONING_PROFILE[sdk=iphoneos*]" = "27553EA5-4743-4E5C-90D9-054D013FAB22";
				SDKROOT = iphoneos2.2.1;
			};
			name = "Debug - John";
		};
		C01FCF5008A954540054247B /* Release - John */ = {
			isa = XCBuildConfiguration;
			buildSettings = {
				ARCHS = "$(ARCHS_STANDARD_32_BIT)";
				"CODE_SIGN_IDENTITY[sdk=iphoneos*]" = "iPhone Developer: John Debay";
				GCC_C_LANGUAGE_STANDARD = c99;
				GCC_WARN_ABOUT_RETURN_TYPE = YES;
				GCC_WARN_UNUSED_VARIABLE = YES;
				OTHER_LDFLAGS = "-licucore";
				PREBINDING = NO;
				"PROVISIONING_PROFILE[sdk=iphoneos*]" = "27553EA5-4743-4E5C-90D9-054D013FAB22";
				SDKROOT = iphoneos2.2.1;
			};
			name = "Release - John";
		};
/* End XCBuildConfiguration section */

/* Begin XCConfigurationList section */
		1D6058960D05DD3E006BFB54 /* Build configuration list for PBXNativeTarget "Bug Watch" */ = {
			isa = XCConfigurationList;
			buildConfigurations = (
				1D6058940D05DD3E006BFB54 /* Debug - John */,
				0550051B0F96C0580046C10B /* Debug - Doug */,
				1D6058950D05DD3E006BFB54 /* Release - John */,
				055005190F96C0510046C10B /* Release - Doug */,
				055005170F96C04D0046C10B /* Distribution */,
			);
			defaultConfigurationIsVisible = 0;
			defaultConfigurationName = "Release - John";
		};
		C01FCF4E08A954540054247B /* Build configuration list for PBXProject "bug-watch" */ = {
			isa = XCConfigurationList;
			buildConfigurations = (
				C01FCF4F08A954540054247B /* Debug - John */,
				0550051A0F96C0580046C10B /* Debug - Doug */,
				C01FCF5008A954540054247B /* Release - John */,
				055005180F96C0510046C10B /* Release - Doug */,
				055005160F96C04D0046C10B /* Distribution */,
			);
			defaultConfigurationIsVisible = 0;
			defaultConfigurationName = "Release - John";
		};
/* End XCConfigurationList section */
	};
	rootObject = 29B97313FDCFA39411CA2CEA /* Project object */;
}
